
Microsoft Visual Studio Solution File, Format Version 12.00
# Visual Studio Version 17
VisualStudioVersion = 17.4.33403.182
MinimumVisualStudioVersion = 10.0.40219.1
Project("{FAE04EC0-301F-11D3-BF4B-00C04F79EFBC}") = "Reverse Linked List", "Reverse Linked List\Reverse Linked List.csproj", "{0CA4E3A1-188B-49E9-A51F-975109A09154}"
EndProject
Global
	GlobalSection(SolutionConfigurationPlatforms) = preSolution
		Debug|Any CPU = Debug|Any CPU
		Release|Any CPU = Release|Any CPU
	EndGlobalSection
	GlobalSection(ProjectConfigurationPlatforms) = postSolution
		{0CA4E3A1-188B-49E9-A51F-975109A09154}.Debug|Any CPU.ActiveCfg = Debug|Any CPU
		{0CA4E3A1-188B-49E9-A51F-975109A09154}.Debug|Any CPU.Build.0 = Debug|Any CPU
		{0CA4E3A1-188B-49E9-A51F-975109A09154}.Release|Any CPU.ActiveCfg = Release|Any CPU
		{0CA4E3A1-188B-49E9-A51F-975109A09154}.Release|Any CPU.Build.0 = Release|Any CPU
	EndGlobalSection
	GlobalSection(SolutionProperties) = preSolution
		HideSolutionNode = FALSE
	EndGlobalSection
	GlobalSection(ExtensibilityGlobals) = postSolution
		SolutionGuid = {A413FDC7-E34C-4A6F-BE6F-62BD47CEF48C}
	EndGlobalSection
EndGlobal
